
Microsoft Visual Studio Solution File, Format Version 12.00
# Visual Studio 15
VisualStudioVersion = 15.0.26730.16
MinimumVisualStudioVersion = 10.0.40219.1
Project("{FAE04EC0-301F-11D3-BF4B-00C04F79EFBC}") = "CoreUserService", "CoreUserService\CoreUserService.csproj", "{F3B23F29-A168-4C47-88BC-D0078BDF2F85}"
EndProject
Global
	GlobalSection(SolutionConfigurationPlatforms) = preSolution
		Debug|Any CPU = Debug|Any CPU
		Release|Any CPU = Release|Any CPU
	EndGlobalSection
	GlobalSection(ProjectConfigurationPlatforms) = postSolution
		{F3B23F29-A168-4C47-88BC-D0078BDF2F85}.Debug|Any CPU.ActiveCfg = Debug|Any CPU
		{F3B23F29-A168-4C47-88BC-D0078BDF2F85}.Debug|Any CPU.Build.0 = Debug|Any CPU
		{F3B23F29-A168-4C47-88BC-D0078BDF2F85}.Release|Any CPU.ActiveCfg = Release|Any CPU
		{F3B23F29-A168-4C47-88BC-D0078BDF2F85}.Release|Any CPU.Build.0 = Release|Any CPU
	EndGlobalSection
	GlobalSection(SolutionProperties) = preSolution
		HideSolutionNode = FALSE
	EndGlobalSection
	GlobalSection(ExtensibilityGlobals) = postSolution
		SolutionGuid = {BE3AD23A-1A82-48C9-8E9D-DB041C6E3F72}
	EndGlobalSection
EndGlobal
